
Microsoft Visual Studio Solution File, Format Version 12.00
# Visual Studio Version 17
VisualStudioVersion = 17.0.31423.177
MinimumVisualStudioVersion = 10.0.40219.1
Project("{FAE04EC0-301F-11D3-BF4B-00C04F79EFBC}") = "8ball", "8ball\8ball.csproj", "{5C904383-77AB-4E7A-AE19-7E07B59AFEDB}"
EndProject
Global
	GlobalSection(SolutionConfigurationPlatforms) = preSolution
		Debug|Any CPU = Debug|Any CPU
		Release|Any CPU = Release|Any CPU
	EndGlobalSection
	GlobalSection(ProjectConfigurationPlatforms) = postSolution
		{5C904383-77AB-4E7A-AE19-7E07B59AFEDB}.Debug|Any CPU.ActiveCfg = Debug|Any CPU
		{5C904383-77AB-4E7A-AE19-7E07B59AFEDB}.Debug|Any CPU.Build.0 = Debug|Any CPU
		{5C904383-77AB-4E7A-AE19-7E07B59AFEDB}.Release|Any CPU.ActiveCfg = Release|Any CPU
		{5C904383-77AB-4E7A-AE19-7E07B59AFEDB}.Release|Any CPU.Build.0 = Release|Any CPU
	EndGlobalSection
	GlobalSection(SolutionProperties) = preSolution
		HideSolutionNode = FALSE
	EndGlobalSection
	GlobalSection(ExtensibilityGlobals) = postSolution
		SolutionGuid = {2D5C6274-AE84-42D1-A661-E0603D139B94}
	EndGlobalSection
EndGlobal
